
Microsoft Visual Studio Solution File, Format Version 12.00
# Visual Studio 15
VisualStudioVersion = 15.0.28010.2019
MinimumVisualStudioVersion = 10.0.40219.1
Project("{9A19103F-16F7-4668-BE54-9A1E7A4F7556}") = "functions", "functions\functions.csproj", "{3F67CA0F-AF03-4E7A-B012-E9920091BFD6}"
EndProject
Global
	GlobalSection(SolutionConfigurationPlatforms) = preSolution
		Debug|Any CPU = Debug|Any CPU
		Release|Any CPU = Release|Any CPU
	EndGlobalSection
	GlobalSection(ProjectConfigurationPlatforms) = postSolution
		{3F67CA0F-AF03-4E7A-B012-E9920091BFD6}.Debug|Any CPU.ActiveCfg = Debug|Any CPU
		{3F67CA0F-AF03-4E7A-B012-E9920091BFD6}.Debug|Any CPU.Build.0 = Debug|Any CPU
		{3F67CA0F-AF03-4E7A-B012-E9920091BFD6}.Release|Any CPU.ActiveCfg = Release|Any CPU
		{3F67CA0F-AF03-4E7A-B012-E9920091BFD6}.Release|Any CPU.Build.0 = Release|Any CPU
	EndGlobalSection
	GlobalSection(SolutionProperties) = preSolution
		HideSolutionNode = FALSE
	EndGlobalSection
	GlobalSection(ExtensibilityGlobals) = postSolution
		SolutionGuid = {3A1930A6-B305-4846-AF67-317C8FB550BC}
	EndGlobalSection
EndGlobal
